
Microsoft Visual Studio Solution File, Format Version 12.00
# Visual Studio Version 16
VisualStudioVersion = 16.0.30128.74
MinimumVisualStudioVersion = 10.0.40219.1
Project("{9A19103F-16F7-4668-BE54-9A1E7A4F7556}") = "RabbitMqConsistentHash", "RabbitMqConsistentHash.csproj", "{EFC238F9-9C3F-4522-A18B-94C1ABB3FA71}"
EndProject
Global
	GlobalSection(SolutionConfigurationPlatforms) = preSolution
		Debug|Any CPU = Debug|Any CPU
		Release|Any CPU = Release|Any CPU
	EndGlobalSection
	GlobalSection(ProjectConfigurationPlatforms) = postSolution
		{EFC238F9-9C3F-4522-A18B-94C1ABB3FA71}.Debug|Any CPU.ActiveCfg = Debug|Any CPU
		{EFC238F9-9C3F-4522-A18B-94C1ABB3FA71}.Debug|Any CPU.Build.0 = Debug|Any CPU
		{EFC238F9-9C3F-4522-A18B-94C1ABB3FA71}.Release|Any CPU.ActiveCfg = Release|Any CPU
		{EFC238F9-9C3F-4522-A18B-94C1ABB3FA71}.Release|Any CPU.Build.0 = Release|Any CPU
	EndGlobalSection
	GlobalSection(SolutionProperties) = preSolution
		HideSolutionNode = FALSE
	EndGlobalSection
	GlobalSection(ExtensibilityGlobals) = postSolution
		SolutionGuid = {2C569B55-778B-4585-AFD9-2DCF3F8A8304}
	EndGlobalSection
EndGlobal
